
Microsoft Visual Studio Solution File, Format Version 12.00
# Visual Studio Version 17
VisualStudioVersion = 17.10.35013.160
MinimumVisualStudioVersion = 10.0.40219.1
Project("{FAE04EC0-301F-11D3-BF4B-00C04F79EFBC}") = "minimum island", "minimum island\minimum island.csproj", "{EEED88C8-6203-4818-914F-61EA97DB3ABD}"
EndProject
Global
	GlobalSection(SolutionConfigurationPlatforms) = preSolution
		Debug|Any CPU = Debug|Any CPU
		Release|Any CPU = Release|Any CPU
	EndGlobalSection
	GlobalSection(ProjectConfigurationPlatforms) = postSolution
		{EEED88C8-6203-4818-914F-61EA97DB3ABD}.Debug|Any CPU.ActiveCfg = Debug|Any CPU
		{EEED88C8-6203-4818-914F-61EA97DB3ABD}.Debug|Any CPU.Build.0 = Debug|Any CPU
		{EEED88C8-6203-4818-914F-61EA97DB3ABD}.Release|Any CPU.ActiveCfg = Release|Any CPU
		{EEED88C8-6203-4818-914F-61EA97DB3ABD}.Release|Any CPU.Build.0 = Release|Any CPU
	EndGlobalSection
	GlobalSection(SolutionProperties) = preSolution
		HideSolutionNode = FALSE
	EndGlobalSection
	GlobalSection(ExtensibilityGlobals) = postSolution
		SolutionGuid = {C6CB554D-5937-42B4-9AD3-FBB14AA48362}
	EndGlobalSection
EndGlobal
